
Microsoft Visual Studio Solution File, Format Version 12.00
# Visual Studio Version 17
VisualStudioVersion = 17.4.33403.182
MinimumVisualStudioVersion = 10.0.40219.1
Project("{FAE04EC0-301F-11D3-BF4B-00C04F79EFBC}") = "www.pgsoftweb.sk_2023", "www.pgsoftweb.sk_2023\www.pgsoftweb.sk_2023.csproj", "{9F73D2A8-7319-470F-9A42-4B5317E5207F}"
EndProject
Project("{FAE04EC0-301F-11D3-BF4B-00C04F79EFBC}") = "dufeksoft.lib", "..\dufeksoft.lib\dufeksoft.lib\dufeksoft.lib.csproj", "{3B16A948-37A3-4301-B11B-BFDE6E95FB10}"
EndProject
Global
	GlobalSection(SolutionConfigurationPlatforms) = preSolution
		Debug|Any CPU = Debug|Any CPU
		Release|Any CPU = Release|Any CPU
	EndGlobalSection
	GlobalSection(ProjectConfigurationPlatforms) = postSolution
		{9F73D2A8-7319-470F-9A42-4B5317E5207F}.Debug|Any CPU.ActiveCfg = Debug|Any CPU
		{9F73D2A8-7319-470F-9A42-4B5317E5207F}.Debug|Any CPU.Build.0 = Debug|Any CPU
		{9F73D2A8-7319-470F-9A42-4B5317E5207F}.Release|Any CPU.ActiveCfg = Release|Any CPU
		{9F73D2A8-7319-470F-9A42-4B5317E5207F}.Release|Any CPU.Build.0 = Release|Any CPU
		{3B16A948-37A3-4301-B11B-BFDE6E95FB10}.Debug|Any CPU.ActiveCfg = Debug|Any CPU
		{3B16A948-37A3-4301-B11B-BFDE6E95FB10}.Debug|Any CPU.Build.0 = Debug|Any CPU
		{3B16A948-37A3-4301-B11B-BFDE6E95FB10}.Release|Any CPU.ActiveCfg = Release|Any CPU
		{3B16A948-37A3-4301-B11B-BFDE6E95FB10}.Release|Any CPU.Build.0 = Release|Any CPU
	EndGlobalSection
	GlobalSection(SolutionProperties) = preSolution
		HideSolutionNode = FALSE
	EndGlobalSection
	GlobalSection(ExtensibilityGlobals) = postSolution
		SolutionGuid = {9F27F000-4FEB-4A18-8C37-86D0A371AAD1}
	EndGlobalSection
EndGlobal
